{
  "name": "android-evolucion-ss-fp",
  "lockfileVersion": 3,
  "requires": true,
  "packages": {
    "": {
      "dependencies": {
        "@alpinejs/anchor": "^3.17.2",
        "@alpinejs/collapse": "^3.17.2",
        "@alpinejs/focus": "^3.17.2",
        "@alpinejs/intersect": "^3.17.2",
        "@alpinejs/mask": "^3.17.2",
        "@alpinejs/morph": "^3.17.2",
        "@alpinejs/persist": "^3.17.2",
        "@alpinejs/resize": "^3.17.2",
        "@alpinejs/sort": "^3.17.2",
        "alpinejs": "^3.17.2",
        "bootstrap": "^5.3.8",
        "bootstrap-icons": "^1.13.1"
      }
    },
    "node_modules/@alpinejs/anchor": {
      "version": "3.17.2",
      "resolved": "https://registry.npmjs.org/@alpinejs/anchor/-/anchor-3.17.2.tgz",
      "integrity": "sha512-b4I/HwzG6o1L1hOcuGSxDuFUVJH4MgKWC+xr5fxWvUNeqqsTyB0ioqhfcqoA0vvIFnm9eLhGuwiKt4FymZis0A==",
      "license": "MIT",
      "dependencies": {
        "@floating-ui/dom": "^1.5.3"
      }
    },
    "node_modules/@alpinejs/collapse": {
      "version": "3.17.2",
      "resolved": "https://registry.npmjs.org/@alpinejs/collapse/-/collapse-3.17.2.tgz",
      "integrity": "sha512-OugjrAUGXkg8Msmitgf3rXFyoSYXchN00LPQYC2zDjaTcuRaVXXseBZcCU7DZ7b6cyZzCvYbIYngbaaEzvEfuw==",
      "license": "MIT"
    },
    "node_modules/@alpinejs/focus": {
      "version": "3.17.2",
      "resolved": "https://registry.npmjs.org/@alpinejs/focus/-/focus-3.17.2.tgz",
      "integrity": "sha512-ZYER+iuYu9IHT2ihAaP04alQLzLzH5nEMmFwVDe7Yu6bzeub+yJISYjR2hH+DlQTcmAZc7xnFMb6zscCVI091Q==",
      "license": "MIT",
      "dependencies": {
        "focus-trap": "^8.0.0",
        "tabbable": "^6.4.0"
      }
    },
    "node_modules/@alpinejs/intersect": {
      "version": "3.17.2",
      "resolved": "https://registry.npmjs.org/@alpinejs/intersect/-/intersect-3.17.2.tgz",
      "integrity": "sha512-q4AJZDk7l/q7PaLeacMmdCfCCtgU3Qve9QTt4t6+A0z8F3YU2xqku08O9N7IENwiPKxlWseqXWWSlr97FSyZ9w==",
      "license": "MIT"
    },
    "node_modules/@alpinejs/mask": {
      "version": "3.17.2",
      "resolved": "https://registry.npmjs.org/@alpinejs/mask/-/mask-3.17.2.tgz",
      "integrity": "sha512-o2ht803nXshsYyNFvR4cUg/9XijF9eqwN8FFEVJUxriVJRS5jWDVADjijHcjQuVKGJYmzdnUMSLBPv48F8In9Q==",
      "license": "MIT"
    },
    "node_modules/@alpinejs/morph": {
      "version": "3.17.2",
      "resolved": "https://registry.npmjs.org/@alpinejs/morph/-/morph-3.17.2.tgz",
      "integrity": "sha512-9O+m1ChwU3JNFsTY7WDAOdG3qPYmE5zJp+2XWX/ymc57S9ifmmx0RCnRR/14CPEqTc/cdpUIOlnAGBg0NAGHpw==",
      "license": "MIT"
    },
    "node_modules/@alpinejs/persist": {
      "version": "3.17.2",
      "resolved": "https://registry.npmjs.org/@alpinejs/persist/-/persist-3.17.2.tgz",
      "integrity": "sha512-BN8v27efELn2IgWjFoY0IkUmT1JOt3gUwEIb+2rjCU875E6VDbc6n0d29l9giITRgqyugm00H/xB1kcPVrQlcQ==",
      "license": "MIT"
    },
    "node_modules/@alpinejs/resize": {
      "version": "3.17.2",
      "resolved": "https://registry.npmjs.org/@alpinejs/resize/-/resize-3.17.2.tgz",
      "integrity": "sha512-6v/LECG5pHMh/5iAY/PSPilZZtgt6kVmbpTTyLScmusIt1wyGqbX/wLXJnJwnr40Swb3B4ZImEBK9r1+GDlC8g==",
      "license": "MIT"
    },
    "node_modules/@alpinejs/sort": {
      "version": "3.17.2",
      "resolved": "https://registry.npmjs.org/@alpinejs/sort/-/sort-3.17.2.tgz",
      "integrity": "sha512-72v63zuFkepgO2nwi8wNrD1z6pAY3S+d+lCwSZ9Q39hkIFISxPXKffEh3qtTu7Dzlc98EYLz4kVS/pxp3mdw5g==",
      "license": "MIT",
      "dependencies": {
        "sortablejs": "^1.15.2"
      }
    },
    "node_modules/@floating-ui/core": {
      "version": "1.8.0",
      "resolved": "https://registry.npmjs.org/@floating-ui/core/-/core-1.8.0.tgz",
      "integrity": "sha512-0CIZ5itps/8x7BG8dEIhs53BvCUH2PCoogtakwRTut+Arm58sJooJ0AuZhLw2HJYIR5cMLNPBSS728sPho2khQ==",
      "license": "MIT",
      "dependencies": {
        "@floating-ui/utils": "^0.2.12"
      }
    },
    "node_modules/@floating-ui/dom": {
      "version": "1.8.0",
      "resolved": "https://registry.npmjs.org/@floating-ui/dom/-/dom-1.8.0.tgz",
      "integrity": "sha512-yXSrzeHZBTZadLOlfyhCkJHNeLJnHRnRInwdZ40L7ZiaAtrBwoYlsDrX3v5zB1Utk7CLfzcOVnVVWoXEky7Ceg==",
      "license": "MIT",
      "dependencies": {
        "@floating-ui/core": "^1.8.0",
        "@floating-ui/utils": "^0.2.12"
      }
    },
    "node_modules/@floating-ui/utils": {
      "version": "0.2.12",
      "resolved": "https://registry.npmjs.org/@floating-ui/utils/-/utils-0.2.12.tgz",
      "integrity": "sha512-HpCo8tmWzLVad5s2d19EhAz5zqrrQ6s69qd6moPMQvkOuSwDT1YgRfWSVuc4ennqrgv3OHppiOGMQ7oC13yIww==",
      "license": "MIT"
    },
    "node_modules/@popperjs/core": {
      "version": "2.11.8",
      "resolved": "https://registry.npmjs.org/@popperjs/core/-/core-2.11.8.tgz",
      "integrity": "sha512-P1st0aksCrn9sGZhp8GMYwBnQsbvAWsZAX44oXNNvLHGqAOcoVxmjZiohstwQ7SqKnbR47akdNi+uleWD8+g6A==",
      "license": "MIT",
      "peer": true,
      "funding": {
        "type": "opencollective",
        "url": "https://opencollective.com/popperjs"
      }
    },
    "node_modules/@vue/reactivity": {
      "version": "3.5.42",
      "resolved": "https://registry.npmjs.org/@vue/reactivity/-/reactivity-3.5.42.tgz",
      "integrity": "sha512-TzNNfKpb7hDxbQltwAut8VDQA5YP+BuRlxntHUuRjyKwlMvmAPbs3unhCvieijifY6vFfVBwsS7wG/C7uq+bEQ==",
      "license": "MIT",
      "dependencies": {
        "@vue/shared": "3.5.42"
      }
    },
    "node_modules/@vue/shared": {
      "version": "3.5.42",
      "resolved": "https://registry.npmjs.org/@vue/shared/-/shared-3.5.42.tgz",
      "integrity": "sha512-2rPxex1jQf4jvl9MOHl6YaXCPcrNqz/FstMOEh3QWY+/OME9nQTvl9WYeCwhW7AFjaR0SnngZGlp/wkR6rkI6g==",
      "license": "MIT"
    },
    "node_modules/alpinejs": {
      "version": "3.17.2",
      "resolved": "https://registry.npmjs.org/alpinejs/-/alpinejs-3.17.2.tgz",
      "integrity": "sha512-xbnG3LlnmFkiNO49C+qhqjEDqOdB0snKqvT48ZVp8TakpZOpsoQbc/jAxpptQRjZi7c9rLeCfvwQ/XOSirIZFQ==",
      "license": "MIT",
      "dependencies": {
        "@vue/reactivity": "~3.5.40"
      }
    },
    "node_modules/bootstrap": {
      "version": "5.3.8",
      "resolved": "https://registry.npmjs.org/bootstrap/-/bootstrap-5.3.8.tgz",
      "integrity": "sha512-HP1SZDqaLDPwsNiqRqi5NcP0SSXciX2s9E+RyqJIIqGo+vJeN5AJVM98CXmW/Wux0nQ5L7jeWUdplCEf0Ee+tg==",
      "funding": [
        {
          "type": "github",
          "url": "https://github.com/sponsors/twbs"
        },
        {
          "type": "opencollective",
          "url": "https://opencollective.com/bootstrap"
        }
      ],
      "license": "MIT",
      "peerDependencies": {
        "@popperjs/core": "^2.11.8"
      }
    },
    "node_modules/bootstrap-icons": {
      "version": "1.13.1",
      "resolved": "https://registry.npmjs.org/bootstrap-icons/-/bootstrap-icons-1.13.1.tgz",
      "integrity": "sha512-ijombt4v6bv5CLeXvRWKy7CuM3TRTuPEuGaGKvTV5cz65rQSY8RQ2JcHt6b90cBBAC7s8fsf2EkQDldzCoXUjw==",
      "funding": [
        {
          "type": "github",
          "url": "https://github.com/sponsors/twbs"
        },
        {
          "type": "opencollective",
          "url": "https://opencollective.com/bootstrap"
        }
      ],
      "license": "MIT"
    },
    "node_modules/focus-trap": {
      "version": "8.2.2",
      "resolved": "https://registry.npmjs.org/focus-trap/-/focus-trap-8.2.2.tgz",
      "integrity": "sha512-qV0g8hRYBqgACcFOH3f9wXc4zPKhr/0z9RI2a6ZijZ72EeBi4g8oBy8zAWuUR1TsMpOzwpUMFvjdasrC41Joug==",
      "license": "MIT",
      "dependencies": {
        "tabbable": "^6.5.0"
      }
    },
    "node_modules/sortablejs": {
      "version": "1.15.7",
      "resolved": "https://registry.npmjs.org/sortablejs/-/sortablejs-1.15.7.tgz",
      "integrity": "sha512-Kk8wLQPlS+yi1ZEf48a4+fzHa4yxjC30M/Sr2AnQu+f/MPwvvX9XjZ6OWejiz8crBsLwSq8GHqaxaET7u6ux0A==",
      "license": "MIT"
    },
    "node_modules/tabbable": {
      "version": "6.5.0",
      "resolved": "https://registry.npmjs.org/tabbable/-/tabbable-6.5.0.tgz",
      "integrity": "sha512-wieBHXygIm7OyQOu5hQlkk62/WyCFYGlWg7L6/ZCUZwx0o398Zkn4pVmMyfYhfMG8kGrj/Krt8eIk6UKC6VzwA==",
      "license": "MIT"
    }
  }
}
